<?xml version="1.0" encoding="utf-8"?>
<Project ToolsVersion="4.0" xmlns="http://schemas.microsoft.com/developer/msbuild/2003">
  <ItemGroup>
    <Filter Include="Исходные файлы">
      <UniqueIdentifier>{4FC737F1-C7A5-4376-A066-2A32D752A2FF}</UniqueIdentifier>
      <Extensions>cpp;c;cc;cxx;c++;cppm;ixx;def;odl;idl;hpj;bat;asm;asmx</Extensions>
    </Filter>
    <Filter Include="Файлы заголовков">
      <UniqueIdentifier>{93995380-89BD-4b04-88EB-625FBE52EBFB}</UniqueIdentifier>
      <Extensions>h;hh;hpp;hxx;h++;hm;inl;inc;ipp;xsd</Extensions>
    </Filter>
    <Filter Include="Файлы ресурсов">
      <UniqueIdentifier>{67DA6AB6-F800-4c08-8B7A-83BB121AAD01}</UniqueIdentifier>
      <Extensions>rc;ico;cur;bmp;dlg;rc2;rct;bin;rgs;gif;jpg;jpeg;jpe;resx;tiff;tif;png;wav;mfcribbon-ms</Extensions>
    </Filter>
    <Filter Include="Исходные файлы\Unit">
      <UniqueIdentifier>{19ba9ed4-b847-42b4-abb4-cfae7af0df21}</UniqueIdentifier>
    </Filter>
    <Filter Include="Исходные файлы\Utility">
      <UniqueIdentifier>{35754647-f479-40f0-8993-958834de5eaf}</UniqueIdentifier>
    </Filter>
    <Filter Include="Исходные файлы\Field">
      <UniqueIdentifier>{2640b88b-b8e5-4217-a978-77acdb7cd03b}</UniqueIdentifier>
    </Filter>
    <Filter Include="Исходные файлы\Core">
      <UniqueIdentifier>{3272c67f-eb40-4596-b3ad-7d1767d6bb0f}</UniqueIdentifier>
    </Filter>
  </ItemGroup>
  <ItemGroup>
    <ClCompile Include="main.cpp">
      <Filter>Исходные файлы</Filter>
    </ClCompile>
    <ClCompile Include="Unit.cpp">
      <Filter>Исходные файлы\Unit</Filter>
    </ClCompile>
    <ClCompile Include="UnitManager.cpp">
      <Filter>Исходные файлы\Unit</Filter>
    </ClCompile>
    <ClCompile Include="UnitSettings.cpp">
      <Filter>Исходные файлы\Unit</Filter>
    </ClCompile>
    <ClCompile Include="ObservationSubject.cpp">
      <Filter>Исходные файлы\Utility</Filter>
    </ClCompile>
    <ClCompile Include="Vector2.cpp">
      <Filter>Исходные файлы\Utility</Filter>
    </ClCompile>
    <ClCompile Include="UnitView.cpp">
      <Filter>Исходные файлы\Unit</Filter>
    </ClCompile>
    <ClCompile Include="Field.cpp">
      <Filter>Исходные файлы\Field</Filter>
    </ClCompile>
    <ClCompile Include="FieldView.cpp">
      <Filter>Исходные файлы\Field</Filter>
    </ClCompile>
    <ClCompile Include="Application.cpp">
      <Filter>Исходные файлы\Core</Filter>
    </ClCompile>
    <ClCompile Include="Object.cpp">
      <Filter>Исходные файлы\Core</Filter>
    </ClCompile>
    <ClCompile Include="UnitVisibilityTester.cpp">
      <Filter>Исходные файлы\Unit</Filter>
    </ClCompile>
    <ClCompile Include="ObjectView.cpp">
      <Filter>Исходные файлы\Core</Filter>
    </ClCompile>
  </ItemGroup>
  <ItemGroup>
    <ClInclude Include="Unit.h">
      <Filter>Исходные файлы\Unit</Filter>
    </ClInclude>
    <ClInclude Include="UnitManager.h">
      <Filter>Исходные файлы\Unit</Filter>
    </ClInclude>
    <ClInclude Include="UnitSettings.h">
      <Filter>Исходные файлы\Unit</Filter>
    </ClInclude>
    <ClInclude Include="ObservationSubject.h">
      <Filter>Исходные файлы\Utility</Filter>
    </ClInclude>
    <ClInclude Include="Types.h">
      <Filter>Исходные файлы\Utility</Filter>
    </ClInclude>
    <ClInclude Include="UnitView.h">
      <Filter>Исходные файлы\Unit</Filter>
    </ClInclude>
    <ClInclude Include="Vector2.h">
      <Filter>Исходные файлы\Utility</Filter>
    </ClInclude>
    <ClInclude Include="Field.h">
      <Filter>Исходные файлы\Field</Filter>
    </ClInclude>
    <ClInclude Include="FieldView.h">
      <Filter>Исходные файлы\Field</Filter>
    </ClInclude>
    <ClInclude Include="Application.h">
      <Filter>Исходные файлы\Core</Filter>
    </ClInclude>
    <ClInclude Include="Object.h">
      <Filter>Исходные файлы\Core</Filter>
    </ClInclude>
    <ClInclude Include="UnitVisibilityTester.h">
      <Filter>Исходные файлы\Unit</Filter>
    </ClInclude>
    <ClInclude Include="ObjectView.h">
      <Filter>Исходные файлы\Core</Filter>
    </ClInclude>
  </ItemGroup>
</Project>